// !$*UTF8*$!
{
	archiveVersion = 1;
	classes = {
	};
	objectVersion = 46;
	objects = {

/* Begin PBXBuildFile section */
		CD823E911CE920B200627BB6 /* AppDelegate.swift in Sources */ = {isa = PBXBuildFile; fileRef = CD823E901CE920B200627BB6 /* AppDelegate.swift */; };
		CD823E931CE920B200627BB6 /* ViewController.swift in Sources */ = {isa = PBXBuildFile; fileRef = CD823E921CE920B200627BB6 /* ViewController.swift */; };
		CD823E961CE920B200627BB6 /* Main.storyboard in Resources */ = {isa = PBXBuildFile; fileRef = CD823E941CE920B200627BB6 /* Main.storyboard */; };
		CD823E981CE920B200627BB6 /* Assets.xcassets in Resources */ = {isa = PBXBuildFile; fileRef = CD823E971CE920B200627BB6 /* Assets.xcassets */; };
		CD823E9B1CE920B200627BB6 /* LaunchScreen.storyboard in Resources */ = {isa = PBXBuildFile; fileRef = CD823E991CE920B200627BB6 /* LaunchScreen.storyboard */; };
		CD823EA41CE935DE00627BB6 /* CalculatorBrain.swift in Sources */ = {isa = PBXBuildFile; fileRef = CD823EA31CE935DE00627BB6 /* CalculatorBrain.swift */; };
/* End PBXBuildFile section */

/* Begin PBXFileReference section */
		CD823E8D1CE920B200627BB6 /* Calculator.app */ = {isa = PBXFileReference; explicitFileType = wrapper.application; includeInIndex = 0; path = Calculator.app; sourceTree = BUILT_PRODUCTS_DIR; };
		CD823E901CE920B200627BB6 /* AppDelegate.swift */ = {isa = PBXFileReference; lastKnownFileType = sourcecode.swift; path = AppDelegate.swift; sourceTree = "<group>"; };
		CD823E921CE920B200627BB6 /* ViewController.swift */ = {isa = PBXFileReference; lastKnownFileType = sourcecode.swift; path = ViewController.swift; sourceTree = "<group>"; };
		CD823E951CE920B200627BB6 /* Base */ = {isa = PBXFileReference; lastKnownFileType = file.storyboard; name = Base; path = Base.lproj/Main.storyboard; sourceTree = "<group>"; };
		CD823E971CE920B200627BB6 /* Assets.xcassets */ = {isa = PBXFileReference; lastKnownFileType = folder.assetcatalog; path = Assets.xcassets; sourceTree = "<group>"; };
		CD823E9A1CE920B200627BB6 /* Base */ = {isa = PBXFileReference; lastKnownFileType = file.storyboard; name = Base; path = Base.lproj/LaunchScreen.storyboard; sourceTree = "<group>"; };
		CD823E9C1CE920B200627BB6 /* Info.plist */ = {isa = PBXFileReference; lastKnownFileType = text.plist.xml; path = Info.plist; sourceTree = "<group>"; };
		CD823EA31CE935DE00627BB6 /* CalculatorBrain.swift */ = {isa = PBXFileReference; fileEncoding = 4; lastKnownFileType = sourcecode.swift; path = CalculatorBrain.swift; sourceTree = SOURCE_ROOT; };
/* End PBXFileReference section */

/* Begin PBXFrameworksBuildPhase section */
		CD823E8A1CE920B200627BB6 /* Frameworks */ = {
			isa = PBXFrameworksBuildPhase;
			buildActionMask = 2147483647;
			files = (
			);
			runOnlyForDeploymentPostprocessing = 0;
		};
/* End PBXFrameworksBuildPhase section */

/* Begin PBXGroup section */
		CD823E841CE920B200627BB6 = {
			isa = PBXGroup;
			children = (
				CD823E8F1CE920B200627BB6 /* Calculator */,
				CD823E8E1CE920B200627BB6 /* Products */,
			);
			sourceTree = "<group>";
		};
		CD823E8E1CE920B200627BB6 /* Products */ = {
			isa = PBXGroup;
			children = (
				CD823E8D1CE920B200627BB6 /* Calculator.app */,
			);
			name = Products;
			sourceTree = "<group>";
		};
		CD823E8F1CE920B200627BB6 /* Calculator */ = {
			isa = PBXGroup;
			children = (
				CD823EA31CE935DE00627BB6 /* CalculatorBrain.swift */,
				CD823E921CE920B200627BB6 /* ViewController.swift */,
				CD823E941CE920B200627BB6 /* Main.storyboard */,
				CD823EA21CE9223C00627BB6 /* Supporting Files */,
			);
			path = Calculator;
			sourceTree = "<group>";
		};
		CD823EA21CE9223C00627BB6 /* Supporting Files */ = {
			isa = PBXGroup;
			children = (
				CD823E901CE920B200627BB6 /* AppDelegate.swift */,
				CD823E971CE920B200627BB6 /* Assets.xcassets */,
				CD823E991CE920B200627BB6 /* LaunchScreen.storyboard */,
				CD823E9C1CE920B200627BB6 /* Info.plist */,
			);
			name = "Supporting Files";
			sourceTree = "<group>";
		};
/* End PBXGroup section */

/* Begin PBXNativeTarget section */
		CD823E8C1CE920B200627BB6 /* Calculator */ = {
			isa = PBXNativeTarget;
			buildConfigurationList = CD823E9F1CE920B200627BB6 /* Build configuration list for PBXNativeTarget "Calculator" */;
			buildPhases = (
				CD823E891CE920B200627BB6 /* Sources */,
				CD823E8A1CE920B200627BB6 /* Frameworks */,
				CD823E8B1CE920B200627BB6 /* Resources */,
			);
			buildRules = (
			);
			dependencies = (
			);
			name = Calculator;
			productName = Calculator;
			productReference = CD823E8D1CE920B200627BB6 /* Calculator.app */;
			productType = "com.apple.product-type.application";
		};
/* End PBXNativeTarget section */

/* Begin PBXProject section */
		CD823E851CE920B200627BB6 /* Project object */ = {
			isa = PBXProject;
			attributes = {
				LastSwiftUpdateCheck = 0720;
				LastUpgradeCheck = 0720;
				ORGANIZATIONNAME = Hawaiii;
				TargetAttributes = {
					CD823E8C1CE920B200627BB6 = {
						CreatedOnToolsVersion = 7.2.1;
						DevelopmentTeam = 3QBQHF22WR;
					};
				};
			};
			buildConfigurationList = CD823E881CE920B200627BB6 /* Build configuration list for PBXProject "Calculator" */;
			compatibilityVersion = "Xcode 3.2";
			developmentRegion = English;
			hasScannedForEncodings = 0;
			knownRegions = (
				en,
				Base,
			);
			mainGroup = CD823E841CE920B200627BB6;
			productRefGroup = CD823E8E1CE920B200627BB6 /* Products */;
			projectDirPath = "";
			projectRoot = "";
			targets = (
				CD823E8C1CE920B200627BB6 /* Calculator */,
			);
		};
/* End PBXProject section */

/* Begin PBXResourcesBuildPhase section */
		CD823E8B1CE920B200627BB6 /* Resources */ = {
			isa = PBXResourcesBuildPhase;
			buildActionMask = 2147483647;
			files = (
				CD823E9B1CE920B200627BB6 /* LaunchScreen.storyboard in Resources */,
				CD823E981CE920B200627BB6 /* Assets.xcassets in Resources */,
				CD823E961CE920B200627BB6 /* Main.storyboard in Resources */,
			);
			runOnlyForDeploymentPostprocessing = 0;
		};
/* End PBXResourcesBuildPhase section */

/* Begin PBXSourcesBuildPhase section */
		CD823E891CE920B200627BB6 /* Sources */ = {
			isa = PBXSourcesBuildPhase;
			buildActionMask = 2147483647;
			files = (
				CD823EA41CE935DE00627BB6 /* CalculatorBrain.swift in Sources */,
				CD823E931CE920B200627BB6 /* ViewController.swift in Sources */,
				CD823E911CE920B200627BB6 /* AppDelegate.swift in Sources */,
			);
			runOnlyForDeploymentPostprocessing = 0;
		};
/* End PBXSourcesBuildPhase section */

/* Begin PBXVariantGroup section */
		CD823E941CE920B200627BB6 /* Main.storyboard */ = {
			isa = PBXVariantGroup;
			children = (
				CD823E951CE920B200627BB6 /* Base */,
			);
			name = Main.storyboard;
			sourceTree = "<group>";
		};
		CD823E991CE920B200627BB6 /* LaunchScreen.storyboard */ = {
			isa = PBXVariantGroup;
			children = (
				CD823E9A1CE920B200627BB6 /* Base */,
			);
			name = LaunchScreen.storyboard;
			sourceTree = "<group>";
		};
/* End PBXVariantGroup section */

/* Begin XCBuildConfiguration section */
		CD823E9D1CE920B200627BB6 /* Debug */ = {
			isa = XCBuildConfiguration;
			buildSettings = {
				ALWAYS_SEARCH_USER_PATHS = NO;
				CLANG_CXX_LANGUAGE_STANDARD = "gnu++0x";
				CLANG_CXX_LIBRARY = "libc++";
				CLANG_ENABLE_MODULES = YES;
				CLANG_ENABLE_OBJC_ARC = YES;
				CLANG_WARN_BOOL_CONVERSION = YES;
				CLANG_WARN_CONSTANT_CONVERSION = YES;
				CLANG_WARN_DIRECT_OBJC_ISA_USAGE = YES_ERROR;
				CLANG_WARN_EMPTY_BODY = YES;
				CLANG_WARN_ENUM_CONVERSION = YES;
				CLANG_WARN_INT_CONVERSION = YES;
				CLANG_WARN_OBJC_ROOT_CLASS = YES_ERROR;
				CLANG_WARN_UNREACHABLE_CODE = YES;
				CLANG_WARN__DUPLICATE_METHOD_MATCH = YES;
				"CODE_SIGN_IDENTITY[sdk=iphoneos*]" = "iPhone Developer";
				COPY_PHASE_STRIP = NO;
				DEBUG_INFORMATION_FORMAT = dwarf;
				ENABLE_STRICT_OBJC_MSGSEND = YES;
				ENABLE_TESTABILITY = YES;
				GCC_C_LANGUAGE_STANDARD = gnu99;
				GCC_DYNAMIC_NO_PIC = NO;
				GCC_NO_COMMON_BLOCKS = YES;
				GCC_OPTIMIZATION_LEVEL = 0;
				GCC_PREPROCESSOR_DEFINITIONS = (
					"DEBUG=1",
					"$(inherited)",
				);
				GCC_WARN_64_TO_32_BIT_CONVERSION = YES;
				GCC_WARN_ABOUT_RETURN_TYPE = YES_ERROR;
				GCC_WARN_UNDECLARED_SELECTOR = YES;
				GCC_WARN_UNINITIALIZED_AUTOS = YES_AGGRESSIVE;
				GCC_WARN_UNUSED_FUNCTION = YES;
				GCC_WARN_UNUSED_VARIABLE = YES;
				IPHONEOS_DEPLOYMENT_TARGET = 9.2;
				MTL_ENABLE_DEBUG_INFO = YES;
				ONLY_ACTIVE_ARCH = YES;
				SDKROOT = iphoneos;
				SWIFT_OPTIMIZATION_LEVEL = "-Onone";
				TARGETED_DEVICE_FAMILY = "1,2";
			};
			name = Debug;
		};
		CD823E9E1CE920B200627BB6 /* Release */ = {
			isa = XCBuildConfiguration;
			buildSettings = {
				ALWAYS_SEARCH_USER_PATHS = NO;
				CLANG_CXX_LANGUAGE_STANDARD = "gnu++0x";
				CLANG_CXX_LIBRARY = "libc++";
				CLANG_ENABLE_MODULES = YES;
				CLANG_ENABLE_OBJC_ARC = YES;
				CLANG_WARN_BOOL_CONVERSION = YES;
				CLANG_WARN_CONSTANT_CONVERSION = YES;
				CLANG_WARN_DIRECT_OBJC_ISA_USAGE = YES_ERROR;
				CLANG_WARN_EMPTY_BODY = YES;
				CLANG_WARN_ENUM_CONVERSION = YES;
				CLANG_WARN_INT_CONVERSION = YES;
				CLANG_WARN_OBJC_ROOT_CLASS = YES_ERROR;
				CLANG_WARN_UNREACHABLE_CODE = YES;
				CLANG_WARN__DUPLICATE_METHOD_MATCH = YES;
				"CODE_SIGN_IDENTITY[sdk=iphoneos*]" = "iPhone Developer";
				COPY_PHASE_STRIP = NO;
				DEBUG_INFORMATION_FORMAT = "dwarf-with-dsym";
				ENABLE_NS_ASSERTIONS = NO;
				ENABLE_STRICT_OBJC_MSGSEND = YES;
				GCC_C_LANGUAGE_STANDARD = gnu99;
				GCC_NO_COMMON_BLOCKS = YES;
				GCC_WARN_64_TO_32_BIT_CONVERSION = YES;
				GCC_WARN_ABOUT_RETURN_TYPE = YES_ERROR;
				GCC_WARN_UNDECLARED_SELECTOR = YES;
				GCC_WARN_UNINITIALIZED_AUTOS = YES_AGGRESSIVE;
				GCC_WARN_UNUSED_FUNCTION = YES;
				GCC_WARN_UNUSED_VARIABLE = YES;
				IPHONEOS_DEPLOYMENT_TARGET = 9.2;
				MTL_ENABLE_DEBUG_INFO = NO;
				SDKROOT = iphoneos;
				TARGETED_DEVICE_FAMILY = "1,2";
				VALIDATE_PRODUCT = YES;
			};
			name = Release;
		};
		CD823EA01CE920B200627BB6 /* Debug */ = {
			isa = XCBuildConfiguration;
			buildSettings = {
				ASSETCATALOG_COMPILER_APPICON_NAME = AppIcon;
				CODE_SIGN_IDENTITY = "iPhone Developer";
				"CODE_SIGN_IDENTITY[sdk=iphoneos*]" = "iPhone Developer";
				INFOPLIST_FILE = Calculator/Info.plist;
				LD_RUNPATH_SEARCH_PATHS = "$(inherited) @executable_path/Frameworks";
				PRODUCT_BUNDLE_IDENTIFIER = learnios.hawaiii.Calculator;
				PRODUCT_NAME = "$(TARGET_NAME)";
				PROVISIONING_PROFILE = "";
			};
			name = Debug;
		};
		CD823EA11CE920B200627BB6 /* Release */ = {
			isa = XCBuildConfiguration;
			buildSettings = {
				ASSETCATALOG_COMPILER_APPICON_NAME = AppIcon;
				CODE_SIGN_IDENTITY = "iPhone Developer";
				"CODE_SIGN_IDENTITY[sdk=iphoneos*]" = "iPhone Developer";
				INFOPLIST_FILE = Calculator/Info.plist;
				LD_RUNPATH_SEARCH_PATHS = "$(inherited) @executable_path/Frameworks";
				PRODUCT_BUNDLE_IDENTIFIER = learnios.hawaiii.Calculator;
				PRODUCT_NAME = "$(TARGET_NAME)";
				PROVISIONING_PROFILE = "";
			};
			name = Release;
		};
/* End XCBuildConfiguration section */

/* Begin XCConfigurationList section */
		CD823E881CE920B200627BB6 /* Build configuration list for PBXProject "Calculator" */ = {
			isa = XCConfigurationList;
			buildConfigurations = (
				CD823E9D1CE920B200627BB6 /* Debug */,
				CD823E9E1CE920B200627BB6 /* Release */,
			);
			defaultConfigurationIsVisible = 0;
			defaultConfigurationName = Release;
		};
		CD823E9F1CE920B200627BB6 /* Build configuration list for PBXNativeTarget "Calculator" */ = {
			isa = XCConfigurationList;
			buildConfigurations = (
				CD823EA01CE920B200627BB6 /* Debug */,
				CD823EA11CE920B200627BB6 /* Release */,
			);
			defaultConfigurationIsVisible = 0;
			defaultConfigurationName = Release;
		};
/* End XCConfigurationList section */
	};
	rootObject = CD823E851CE920B200627BB6 /* Project object */;
}
